
Microsoft Visual Studio Solution File, Format Version 12.00
# Visual Studio Version 17
VisualStudioVersion = 17.14.36429.23 d17.14
MinimumVisualStudioVersion = 10.0.40219.1
Project("{FAE04EC0-301F-11D3-BF4B-00C04F79EFBC}") = "Array", "Array\Array.csproj", "{4968B3B3-3362-4DE8-AF60-E3E1C7E2524A}"
EndProject
Global
	GlobalSection(SolutionConfigurationPlatforms) = preSolution
		Debug|Any CPU = Debug|Any CPU
		Release|Any CPU = Release|Any CPU
	EndGlobalSection
	GlobalSection(ProjectConfigurationPlatforms) = postSolution
		{4968B3B3-3362-4DE8-AF60-E3E1C7E2524A}.Debug|Any CPU.ActiveCfg = Debug|Any CPU
		{4968B3B3-3362-4DE8-AF60-E3E1C7E2524A}.Debug|Any CPU.Build.0 = Debug|Any CPU
		{4968B3B3-3362-4DE8-AF60-E3E1C7E2524A}.Release|Any CPU.ActiveCfg = Release|Any CPU
		{4968B3B3-3362-4DE8-AF60-E3E1C7E2524A}.Release|Any CPU.Build.0 = Release|Any CPU
	EndGlobalSection
	GlobalSection(SolutionProperties) = preSolution
		HideSolutionNode = FALSE
	EndGlobalSection
	GlobalSection(ExtensibilityGlobals) = postSolution
		SolutionGuid = {EEE09D07-1064-4E48-94D0-208CA8E31C8C}
	EndGlobalSection
EndGlobal
