
Microsoft Visual Studio Solution File, Format Version 12.00
# Visual Studio Version 17
VisualStudioVersion = 17.14.36429.23 d17.14
MinimumVisualStudioVersion = 10.0.40219.1
Project("{FAE04EC0-301F-11D3-BF4B-00C04F79EFBC}") = "SwitchOperation", "SwitchOperation\SwitchOperation.csproj", "{C290EE03-F8BB-4B33-97B0-CEC9B2573300}"
EndProject
Global
	GlobalSection(SolutionConfigurationPlatforms) = preSolution
		Debug|Any CPU = Debug|Any CPU
		Release|Any CPU = Release|Any CPU
	EndGlobalSection
	GlobalSection(ProjectConfigurationPlatforms) = postSolution
		{C290EE03-F8BB-4B33-97B0-CEC9B2573300}.Debug|Any CPU.ActiveCfg = Debug|Any CPU
		{C290EE03-F8BB-4B33-97B0-CEC9B2573300}.Debug|Any CPU.Build.0 = Debug|Any CPU
		{C290EE03-F8BB-4B33-97B0-CEC9B2573300}.Release|Any CPU.ActiveCfg = Release|Any CPU
		{C290EE03-F8BB-4B33-97B0-CEC9B2573300}.Release|Any CPU.Build.0 = Release|Any CPU
	EndGlobalSection
	GlobalSection(SolutionProperties) = preSolution
		HideSolutionNode = FALSE
	EndGlobalSection
	GlobalSection(ExtensibilityGlobals) = postSolution
		SolutionGuid = {7BA6F8DD-AFC2-4F4D-BC05-93DB04BF7D0C}
	EndGlobalSection
EndGlobal
